
Microsoft Visual Studio Solution File, Format Version 12.00
# Visual Studio Version 16
VisualStudioVersion = 16.0.31313.79
MinimumVisualStudioVersion = 10.0.40219.1
Project("{FAE04EC0-301F-11D3-BF4B-00C04F79EFBC}") = "Avanade.SubTCSE.Projeto.Api", "Avanade.SubTCSE.Projeto.Api\Avanade.SubTCSE.Projeto.Api.csproj", "{5457D79F-3285-493E-BE1F-F890A09B7FB8}"
EndProject
Global
	GlobalSection(SolutionConfigurationPlatforms) = preSolution
		Debug|Any CPU = Debug|Any CPU
		Release|Any CPU = Release|Any CPU
	EndGlobalSection
	GlobalSection(ProjectConfigurationPlatforms) = postSolution
		{5457D79F-3285-493E-BE1F-F890A09B7FB8}.Debug|Any CPU.ActiveCfg = Debug|Any CPU
		{5457D79F-3285-493E-BE1F-F890A09B7FB8}.Debug|Any CPU.Build.0 = Debug|Any CPU
		{5457D79F-3285-493E-BE1F-F890A09B7FB8}.Release|Any CPU.ActiveCfg = Release|Any CPU
		{5457D79F-3285-493E-BE1F-F890A09B7FB8}.Release|Any CPU.Build.0 = Release|Any CPU
	EndGlobalSection
	GlobalSection(SolutionProperties) = preSolution
		HideSolutionNode = FALSE
	EndGlobalSection
	GlobalSection(ExtensibilityGlobals) = postSolution
		SolutionGuid = {254D58F2-B922-48D6-8445-8362144FDC91}
	EndGlobalSection
EndGlobal
